{
  "requires": true,
  "lockfileVersion": 1,
  "dependencies": {
    "commander": {
      "version": "9.1.0",
      "resolved": "http://192.168.0.219:8081/repository/medaxis-npm-group/commander/-/commander-9.1.0.tgz",
      "integrity": "sha512-i0/MaqBtdbnJ4XQs4Pmyb+oFQl+q0lsAmokVUH92SlSw4fkeAcG3bVon+Qt7hmtF+u3Het6o4VgrcY3qAoEB6w=="
    },
    "mockjs": {
      "version": "1.1.0",
      "resolved": "http://192.168.0.219:8081/repository/medaxis-npm-group/mockjs/-/mockjs-1.1.0.tgz",
      "integrity": "sha512-eQsKcWzIaZzEZ07NuEyO4Nw65g0hdWAyurVol1IPl1gahRwY+svqzfgfey8U8dahLwG44d6/RwEzuK52rSa/JQ==",
      "requires": {
        "commander": "*"
      }
    }
  }
}
